// !$*UTF8*$!
{
	archiveVersion = 1;
	classes = {
	};
	objectVersion = 46;
	objects = {

/* Begin PBXBuildFile section */
		EBDED3C81A05A64C0079A971 /* CommandParser.c in Sources */ = {isa = PBXBuildFile; fileRef = EBDED39A1A05A64C0079A971 /* CommandParser.c */; };
		EBDED3C91A05A64C0079A971 /* DirectoryTraverser.c in Sources */ = {isa = PBXBuildFile; fileRef = EBDED39D1A05A64C0079A971 /* DirectoryTraverser.c */; };
		EBDED3CA1A05A64C0079A971 /* error.c in Sources */ = {isa = PBXBuildFile; fileRef = EBDED3A01A05A64C0079A971 /* error.c */; };
		EBDED3CB1A05A64C0079A971 /* Job.c in Sources */ = {isa = PBXBuildFile; fileRef = EBDED3A21A05A64C0079A971 /* Job.c */; };
		EBDED3CC1A05A64C0079A971 /* JobManager.c in Sources */ = {isa = PBXBuildFile; fileRef = EBDED3A41A05A64C0079A971 /* JobManager.c */; };
		EBDED3CD1A05A64C0079A971 /* List.c in Sources */ = {isa = PBXBuildFile; fileRef = EBDED3AE1A05A64C0079A971 /* List.c */; };
		EBDED3CE1A05A64C0079A971 /* Makefile in Sources */ = {isa = PBXBuildFile; fileRef = EBDED3B01A05A64C0079A971 /* Makefile */; };
		EBDED3CF1A05A64C0079A971 /* Node.c in Sources */ = {isa = PBXBuildFile; fileRef = EBDED3B11A05A64C0079A971 /* Node.c */; };
		EBDED3D01A05A64C0079A971 /* Makefile in Sources */ = {isa = PBXBuildFile; fileRef = EBDED3B31A05A64C0079A971 /* Makefile */; };
		EBDED3D11A05A64C0079A971 /* Makefile in Sources */ = {isa = PBXBuildFile; fileRef = EBDED3B61A05A64C0079A971 /* Makefile */; };
		EBDED3D21A05A64C0079A971 /* Object.c in Sources */ = {isa = PBXBuildFile; fileRef = EBDED3B71A05A64C0079A971 /* Object.c */; };
		EBDED3D31A05A64C0079A971 /* RandomTestList.c in Sources */ = {isa = PBXBuildFile; fileRef = EBDED3B91A05A64C0079A971 /* RandomTestList.c */; };
		EBDED3D41A05A64C0079A971 /* SimpleTestList.c in Sources */ = {isa = PBXBuildFile; fileRef = EBDED3BA1A05A64C0079A971 /* SimpleTestList.c */; };
		EBDED3D51A05A64C0079A971 /* UnitTestList.c in Sources */ = {isa = PBXBuildFile; fileRef = EBDED3BB1A05A64C0079A971 /* UnitTestList.c */; };
		EBDED3D71A05A64C0079A971 /* Makefile in Sources */ = {isa = PBXBuildFile; fileRef = EBDED3BD1A05A64C0079A971 /* Makefile */; };
		EBDED3D81A05A64C0079A971 /* shell.c in Sources */ = {isa = PBXBuildFile; fileRef = EBDED3C31A05A64C0079A971 /* shell.c */; };
/* End PBXBuildFile section */

/* Begin PBXCopyFilesBuildPhase section */
		EBDED38E1A05A5B50079A971 /* CopyFiles */ = {
			isa = PBXCopyFilesBuildPhase;
			buildActionMask = 2147483647;
			dstPath = /usr/share/man/man1/;
			dstSubfolderSpec = 0;
			files = (
			);
			runOnlyForDeploymentPostprocessing = 1;
		};
/* End PBXCopyFilesBuildPhase section */

/* Begin PBXFileReference section */
		EBDED3901A05A5B50079A971 /* shell */ = {isa = PBXFileReference; explicitFileType = "compiled.mach-o.executable"; includeInIndex = 0; path = shell; sourceTree = BUILT_PRODUCTS_DIR; };
		EBDED39A1A05A64C0079A971 /* CommandParser.c */ = {isa = PBXFileReference; fileEncoding = 4; lastKnownFileType = sourcecode.c.c; path = CommandParser.c; sourceTree = "<group>"; };
		EBDED39B1A05A64C0079A971 /* CommandParser.h */ = {isa = PBXFileReference; fileEncoding = 4; lastKnownFileType = sourcecode.c.h; path = CommandParser.h; sourceTree = "<group>"; };
		EBDED39C1A05A64C0079A971 /* common.h */ = {isa = PBXFileReference; fileEncoding = 4; lastKnownFileType = sourcecode.c.h; path = common.h; sourceTree = "<group>"; };
		EBDED39D1A05A64C0079A971 /* DirectoryTraverser.c */ = {isa = PBXFileReference; fileEncoding = 4; lastKnownFileType = sourcecode.c.c; path = DirectoryTraverser.c; sourceTree = "<group>"; };
		EBDED39E1A05A64C0079A971 /* DirectoryTraverser.h */ = {isa = PBXFileReference; fileEncoding = 4; lastKnownFileType = sourcecode.c.h; path = DirectoryTraverser.h; sourceTree = "<group>"; };
		EBDED39F1A05A64C0079A971 /* doxygen-config */ = {isa = PBXFileReference; fileEncoding = 4; lastKnownFileType = text; path = "doxygen-config"; sourceTree = "<group>"; };
		EBDED3A01A05A64C0079A971 /* error.c */ = {isa = PBXFileReference; fileEncoding = 4; lastKnownFileType = sourcecode.c.c; path = error.c; sourceTree = "<group>"; };
		EBDED3A11A05A64C0079A971 /* git.log */ = {isa = PBXFileReference; fileEncoding = 4; lastKnownFileType = text; path = git.log; sourceTree = "<group>"; };
		EBDED3A21A05A64C0079A971 /* Job.c */ = {isa = PBXFileReference; fileEncoding = 4; lastKnownFileType = sourcecode.c.c; path = Job.c; sourceTree = "<group>"; };
		EBDED3A31A05A64C0079A971 /* Job.h */ = {isa = PBXFileReference; fileEncoding = 4; lastKnownFileType = sourcecode.c.h; path = Job.h; sourceTree = "<group>"; };
		EBDED3A41A05A64C0079A971 /* JobManager.c */ = {isa = PBXFileReference; fileEncoding = 4; lastKnownFileType = sourcecode.c.c; path = JobManager.c; sourceTree = "<group>"; };
		EBDED3A51A05A64C0079A971 /* JobManager.h */ = {isa = PBXFileReference; fileEncoding = 4; lastKnownFileType = sourcecode.c.h; path = JobManager.h; sourceTree = "<group>"; };
		EBDED3A71A05A64C0079A971 /* doxygen-config */ = {isa = PBXFileReference; fileEncoding = 4; lastKnownFileType = text; path = "doxygen-config"; sourceTree = "<group>"; };
		EBDED3A91A05A64C0079A971 /* .hidden */ = {isa = PBXFileReference; fileEncoding = 4; lastKnownFileType = text; path = .hidden; sourceTree = "<group>"; };
		EBDED3AB1A05A64C0079A971 /* .hidden */ = {isa = PBXFileReference; fileEncoding = 4; lastKnownFileType = text; path = .hidden; sourceTree = "<group>"; };
		EBDED3AD1A05A64C0079A971 /* common.h */ = {isa = PBXFileReference; fileEncoding = 4; lastKnownFileType = sourcecode.c.h; path = common.h; sourceTree = "<group>"; };
		EBDED3AE1A05A64C0079A971 /* List.c */ = {isa = PBXFileReference; fileEncoding = 4; lastKnownFileType = sourcecode.c.c; path = List.c; sourceTree = "<group>"; };
		EBDED3AF1A05A64C0079A971 /* List.h */ = {isa = PBXFileReference; fileEncoding = 4; lastKnownFileType = sourcecode.c.h; path = List.h; sourceTree = "<group>"; };
		EBDED3B01A05A64C0079A971 /* Makefile */ = {isa = PBXFileReference; fileEncoding = 4; lastKnownFileType = sourcecode.make; path = Makefile; sourceTree = "<group>"; };
		EBDED3B11A05A64C0079A971 /* Node.c */ = {isa = PBXFileReference; fileEncoding = 4; lastKnownFileType = sourcecode.c.c; path = Node.c; sourceTree = "<group>"; };
		EBDED3B21A05A64C0079A971 /* Node.h */ = {isa = PBXFileReference; fileEncoding = 4; lastKnownFileType = sourcecode.c.h; path = Node.h; sourceTree = "<group>"; };
		EBDED3B31A05A64C0079A971 /* Makefile */ = {isa = PBXFileReference; fileEncoding = 4; lastKnownFileType = sourcecode.make; path = Makefile; sourceTree = "<group>"; };
		EBDED3B41A05A64C0079A971 /* README */ = {isa = PBXFileReference; fileEncoding = 4; lastKnownFileType = text; path = README; sourceTree = "<group>"; };
		EBDED3B61A05A64C0079A971 /* Makefile */ = {isa = PBXFileReference; fileEncoding = 4; lastKnownFileType = sourcecode.make; path = Makefile; sourceTree = "<group>"; };
		EBDED3B71A05A64C0079A971 /* Object.c */ = {isa = PBXFileReference; fileEncoding = 4; lastKnownFileType = sourcecode.c.c; path = Object.c; sourceTree = "<group>"; };
		EBDED3B81A05A64C0079A971 /* Object.h */ = {isa = PBXFileReference; fileEncoding = 4; lastKnownFileType = sourcecode.c.h; path = Object.h; sourceTree = "<group>"; };
		EBDED3B91A05A64C0079A971 /* RandomTestList.c */ = {isa = PBXFileReference; fileEncoding = 4; lastKnownFileType = sourcecode.c.c; path = RandomTestList.c; sourceTree = "<group>"; };
		EBDED3BA1A05A64C0079A971 /* SimpleTestList.c */ = {isa = PBXFileReference; fileEncoding = 4; lastKnownFileType = sourcecode.c.c; path = SimpleTestList.c; sourceTree = "<group>"; };
		EBDED3BB1A05A64C0079A971 /* UnitTestList.c */ = {isa = PBXFileReference; fileEncoding = 4; lastKnownFileType = sourcecode.c.c; path = UnitTestList.c; sourceTree = "<group>"; };
		EBDED3BD1A05A64C0079A971 /* Makefile */ = {isa = PBXFileReference; fileEncoding = 4; lastKnownFileType = sourcecode.make; path = Makefile; sourceTree = "<group>"; };
		EBDED3BE1A05A64C0079A971 /* ourhdr.h */ = {isa = PBXFileReference; fileEncoding = 4; lastKnownFileType = sourcecode.c.h; path = ourhdr.h; sourceTree = "<group>"; };
		EBDED3BF1A05A64C0079A971 /* README */ = {isa = PBXFileReference; fileEncoding = 4; lastKnownFileType = text; path = README; sourceTree = "<group>"; };
		EBDED3C01A05A64C0079A971 /* set_git_version.sh */ = {isa = PBXFileReference; fileEncoding = 4; lastKnownFileType = text.script.sh; path = set_git_version.sh; sourceTree = "<group>"; };
		EBDED3C11A05A64C0079A971 /* set_library_path.sh */ = {isa = PBXFileReference; fileEncoding = 4; lastKnownFileType = text.script.sh; path = set_library_path.sh; sourceTree = "<group>"; };
		EBDED3C31A05A64C0079A971 /* shell.c */ = {isa = PBXFileReference; fileEncoding = 4; lastKnownFileType = sourcecode.c.c; path = shell.c; sourceTree = "<group>"; };
		EBDED3C41A05A64C0079A971 /* shell.h */ = {isa = PBXFileReference; fileEncoding = 4; lastKnownFileType = sourcecode.c.h; path = shell.h; sourceTree = "<group>"; };
		EBDED3DC1A05A80E0079A971 /* wait.h */ = {isa = PBXFileReference; fileEncoding = 4; lastKnownFileType = sourcecode.c.h; path = wait.h; sourceTree = "<group>"; };
/* End PBXFileReference section */

/* Begin PBXFrameworksBuildPhase section */
		EBDED38D1A05A5B50079A971 /* Frameworks */ = {
			isa = PBXFrameworksBuildPhase;
			buildActionMask = 2147483647;
			files = (
			);
			runOnlyForDeploymentPostprocessing = 0;
		};
/* End PBXFrameworksBuildPhase section */

/* Begin PBXGroup section */
		EBDED3871A05A5B50079A971 = {
			isa = PBXGroup;
			children = (
				EBDED3921A05A5B50079A971 /* shell */,
				EBDED3911A05A5B50079A971 /* Products */,
			);
			sourceTree = "<group>";
		};
		EBDED3911A05A5B50079A971 /* Products */ = {
			isa = PBXGroup;
			children = (
				EBDED3901A05A5B50079A971 /* shell */,
			);
			name = Products;
			sourceTree = "<group>";
		};
		EBDED3921A05A5B50079A971 /* shell */ = {
			isa = PBXGroup;
			children = (
				EBDED3DC1A05A80E0079A971 /* wait.h */,
				EBDED39A1A05A64C0079A971 /* CommandParser.c */,
				EBDED39B1A05A64C0079A971 /* CommandParser.h */,
				EBDED39C1A05A64C0079A971 /* common.h */,
				EBDED39D1A05A64C0079A971 /* DirectoryTraverser.c */,
				EBDED39E1A05A64C0079A971 /* DirectoryTraverser.h */,
				EBDED39F1A05A64C0079A971 /* doxygen-config */,
				EBDED3A01A05A64C0079A971 /* error.c */,
				EBDED3A11A05A64C0079A971 /* git.log */,
				EBDED3A21A05A64C0079A971 /* Job.c */,
				EBDED3A31A05A64C0079A971 /* Job.h */,
				EBDED3A41A05A64C0079A971 /* JobManager.c */,
				EBDED3A51A05A64C0079A971 /* JobManager.h */,
				EBDED3A61A05A64C0079A971 /* list_src */,
				EBDED3BD1A05A64C0079A971 /* Makefile */,
				EBDED3BE1A05A64C0079A971 /* ourhdr.h */,
				EBDED3BF1A05A64C0079A971 /* README */,
				EBDED3C01A05A64C0079A971 /* set_git_version.sh */,
				EBDED3C11A05A64C0079A971 /* set_library_path.sh */,
				EBDED3C31A05A64C0079A971 /* shell.c */,
				EBDED3C41A05A64C0079A971 /* shell.h */,
			);
			path = shell;
			sourceTree = "<group>";
		};
		EBDED3A61A05A64C0079A971 /* list_src */ = {
			isa = PBXGroup;
			children = (
				EBDED3A71A05A64C0079A971 /* doxygen-config */,
				EBDED3A81A05A64C0079A971 /* include */,
				EBDED3AA1A05A64C0079A971 /* lib */,
				EBDED3AC1A05A64C0079A971 /* libsrc */,
				EBDED3B31A05A64C0079A971 /* Makefile */,
				EBDED3B41A05A64C0079A971 /* README */,
				EBDED3B51A05A64C0079A971 /* testsuite */,
			);
			path = list_src;
			sourceTree = "<group>";
		};
		EBDED3A81A05A64C0079A971 /* include */ = {
			isa = PBXGroup;
			children = (
				EBDED3A91A05A64C0079A971 /* .hidden */,
			);
			path = include;
			sourceTree = "<group>";
		};
		EBDED3AA1A05A64C0079A971 /* lib */ = {
			isa = PBXGroup;
			children = (
				EBDED3AB1A05A64C0079A971 /* .hidden */,
			);
			path = lib;
			sourceTree = "<group>";
		};
		EBDED3AC1A05A64C0079A971 /* libsrc */ = {
			isa = PBXGroup;
			children = (
				EBDED3AD1A05A64C0079A971 /* common.h */,
				EBDED3AE1A05A64C0079A971 /* List.c */,
				EBDED3AF1A05A64C0079A971 /* List.h */,
				EBDED3B01A05A64C0079A971 /* Makefile */,
				EBDED3B11A05A64C0079A971 /* Node.c */,
				EBDED3B21A05A64C0079A971 /* Node.h */,
			);
			path = libsrc;
			sourceTree = "<group>";
		};
		EBDED3B51A05A64C0079A971 /* testsuite */ = {
			isa = PBXGroup;
			children = (
				EBDED3B61A05A64C0079A971 /* Makefile */,
				EBDED3B71A05A64C0079A971 /* Object.c */,
				EBDED3B81A05A64C0079A971 /* Object.h */,
				EBDED3B91A05A64C0079A971 /* RandomTestList.c */,
				EBDED3BA1A05A64C0079A971 /* SimpleTestList.c */,
				EBDED3BB1A05A64C0079A971 /* UnitTestList.c */,
			);
			path = testsuite;
			sourceTree = "<group>";
		};
/* End PBXGroup section */

/* Begin PBXNativeTarget section */
		EBDED38F1A05A5B50079A971 /* shell */ = {
			isa = PBXNativeTarget;
			buildConfigurationList = EBDED3971A05A5B50079A971 /* Build configuration list for PBXNativeTarget "shell" */;
			buildPhases = (
				EBDED38C1A05A5B50079A971 /* Sources */,
				EBDED38D1A05A5B50079A971 /* Frameworks */,
				EBDED38E1A05A5B50079A971 /* CopyFiles */,
			);
			buildRules = (
			);
			dependencies = (
			);
			name = shell;
			productName = shell;
			productReference = EBDED3901A05A5B50079A971 /* shell */;
			productType = "com.apple.product-type.tool";
		};
/* End PBXNativeTarget section */

/* Begin PBXProject section */
		EBDED3881A05A5B50079A971 /* Project object */ = {
			isa = PBXProject;
			attributes = {
				LastUpgradeCheck = 0610;
				ORGANIZATIONNAME = "Reuben Tanner";
				TargetAttributes = {
					EBDED38F1A05A5B50079A971 = {
						CreatedOnToolsVersion = 6.1;
					};
				};
			};
			buildConfigurationList = EBDED38B1A05A5B50079A971 /* Build configuration list for PBXProject "shell" */;
			compatibilityVersion = "Xcode 3.2";
			developmentRegion = English;
			hasScannedForEncodings = 0;
			knownRegions = (
				en,
			);
			mainGroup = EBDED3871A05A5B50079A971;
			productRefGroup = EBDED3911A05A5B50079A971 /* Products */;
			projectDirPath = "";
			projectRoot = "";
			targets = (
				EBDED38F1A05A5B50079A971 /* shell */,
			);
		};
/* End PBXProject section */

/* Begin PBXSourcesBuildPhase section */
		EBDED38C1A05A5B50079A971 /* Sources */ = {
			isa = PBXSourcesBuildPhase;
			buildActionMask = 2147483647;
			files = (
				EBDED3D11A05A64C0079A971 /* Makefile in Sources */,
				EBDED3D01A05A64C0079A971 /* Makefile in Sources */,
				EBDED3CA1A05A64C0079A971 /* error.c in Sources */,
				EBDED3CD1A05A64C0079A971 /* List.c in Sources */,
				EBDED3CB1A05A64C0079A971 /* Job.c in Sources */,
				EBDED3D71A05A64C0079A971 /* Makefile in Sources */,
				EBDED3CC1A05A64C0079A971 /* JobManager.c in Sources */,
				EBDED3D81A05A64C0079A971 /* shell.c in Sources */,
				EBDED3C91A05A64C0079A971 /* DirectoryTraverser.c in Sources */,
				EBDED3D21A05A64C0079A971 /* Object.c in Sources */,
				EBDED3CF1A05A64C0079A971 /* Node.c in Sources */,
				EBDED3D41A05A64C0079A971 /* SimpleTestList.c in Sources */,
				EBDED3CE1A05A64C0079A971 /* Makefile in Sources */,
				EBDED3D31A05A64C0079A971 /* RandomTestList.c in Sources */,
				EBDED3C81A05A64C0079A971 /* CommandParser.c in Sources */,
				EBDED3D51A05A64C0079A971 /* UnitTestList.c in Sources */,
			);
			runOnlyForDeploymentPostprocessing = 0;
		};
/* End PBXSourcesBuildPhase section */

/* Begin XCBuildConfiguration section */
		EBDED3951A05A5B50079A971 /* Debug */ = {
			isa = XCBuildConfiguration;
			buildSettings = {
				ALWAYS_SEARCH_USER_PATHS = NO;
				CLANG_CXX_LANGUAGE_STANDARD = "gnu++0x";
				CLANG_CXX_LIBRARY = "libc++";
				CLANG_ENABLE_MODULES = YES;
				CLANG_ENABLE_OBJC_ARC = YES;
				CLANG_WARN_BOOL_CONVERSION = YES;
				CLANG_WARN_CONSTANT_CONVERSION = YES;
				CLANG_WARN_DIRECT_OBJC_ISA_USAGE = YES_ERROR;
				CLANG_WARN_EMPTY_BODY = YES;
				CLANG_WARN_ENUM_CONVERSION = YES;
				CLANG_WARN_INT_CONVERSION = YES;
				CLANG_WARN_OBJC_ROOT_CLASS = YES_ERROR;
				CLANG_WARN_UNREACHABLE_CODE = YES;
				CLANG_WARN__DUPLICATE_METHOD_MATCH = YES;
				COPY_PHASE_STRIP = NO;
				ENABLE_STRICT_OBJC_MSGSEND = YES;
				GCC_C_LANGUAGE_STANDARD = gnu99;
				GCC_DYNAMIC_NO_PIC = NO;
				GCC_OPTIMIZATION_LEVEL = 0;
				GCC_PREPROCESSOR_DEFINITIONS = (
					"DEBUG=1",
					"$(inherited)",
				);
				GCC_SYMBOLS_PRIVATE_EXTERN = NO;
				GCC_WARN_64_TO_32_BIT_CONVERSION = YES;
				GCC_WARN_ABOUT_RETURN_TYPE = YES_ERROR;
				GCC_WARN_UNDECLARED_SELECTOR = YES;
				GCC_WARN_UNINITIALIZED_AUTOS = YES_AGGRESSIVE;
				GCC_WARN_UNUSED_FUNCTION = YES;
				GCC_WARN_UNUSED_VARIABLE = YES;
				MACOSX_DEPLOYMENT_TARGET = 10.10;
				MTL_ENABLE_DEBUG_INFO = YES;
				ONLY_ACTIVE_ARCH = YES;
				SDKROOT = macosx;
			};
			name = Debug;
		};
		EBDED3961A05A5B50079A971 /* Release */ = {
			isa = XCBuildConfiguration;
			buildSettings = {
				ALWAYS_SEARCH_USER_PATHS = NO;
				CLANG_CXX_LANGUAGE_STANDARD = "gnu++0x";
				CLANG_CXX_LIBRARY = "libc++";
				CLANG_ENABLE_MODULES = YES;
				CLANG_ENABLE_OBJC_ARC = YES;
				CLANG_WARN_BOOL_CONVERSION = YES;
				CLANG_WARN_CONSTANT_CONVERSION = YES;
				CLANG_WARN_DIRECT_OBJC_ISA_USAGE = YES_ERROR;
				CLANG_WARN_EMPTY_BODY = YES;
				CLANG_WARN_ENUM_CONVERSION = YES;
				CLANG_WARN_INT_CONVERSION = YES;
				CLANG_WARN_OBJC_ROOT_CLASS = YES_ERROR;
				CLANG_WARN_UNREACHABLE_CODE = YES;
				CLANG_WARN__DUPLICATE_METHOD_MATCH = YES;
				COPY_PHASE_STRIP = YES;
				DEBUG_INFORMATION_FORMAT = "dwarf-with-dsym";
				ENABLE_NS_ASSERTIONS = NO;
				ENABLE_STRICT_OBJC_MSGSEND = YES;
				GCC_C_LANGUAGE_STANDARD = gnu99;
				GCC_WARN_64_TO_32_BIT_CONVERSION = YES;
				GCC_WARN_ABOUT_RETURN_TYPE = YES_ERROR;
				GCC_WARN_UNDECLARED_SELECTOR = YES;
				GCC_WARN_UNINITIALIZED_AUTOS = YES_AGGRESSIVE;
				GCC_WARN_UNUSED_FUNCTION = YES;
				GCC_WARN_UNUSED_VARIABLE = YES;
				MACOSX_DEPLOYMENT_TARGET = 10.10;
				MTL_ENABLE_DEBUG_INFO = NO;
				SDKROOT = macosx;
			};
			name = Release;
		};
		EBDED3981A05A5B50079A971 /* Debug */ = {
			isa = XCBuildConfiguration;
			buildSettings = {
				PRODUCT_NAME = "$(TARGET_NAME)";
			};
			name = Debug;
		};
		EBDED3991A05A5B50079A971 /* Release */ = {
			isa = XCBuildConfiguration;
			buildSettings = {
				PRODUCT_NAME = "$(TARGET_NAME)";
			};
			name = Release;
		};
/* End XCBuildConfiguration section */

/* Begin XCConfigurationList section */
		EBDED38B1A05A5B50079A971 /* Build configuration list for PBXProject "shell" */ = {
			isa = XCConfigurationList;
			buildConfigurations = (
				EBDED3951A05A5B50079A971 /* Debug */,
				EBDED3961A05A5B50079A971 /* Release */,
			);
			defaultConfigurationIsVisible = 0;
			defaultConfigurationName = Release;
		};
		EBDED3971A05A5B50079A971 /* Build configuration list for PBXNativeTarget "shell" */ = {
			isa = XCConfigurationList;
			buildConfigurations = (
				EBDED3981A05A5B50079A971 /* Debug */,
				EBDED3991A05A5B50079A971 /* Release */,
			);
			defaultConfigurationIsVisible = 0;
		};
/* End XCConfigurationList section */
	};
	rootObject = EBDED3881A05A5B50079A971 /* Project object */;
}
