// !$*UTF8*$!
{
	archiveVersion = 1;
	classes = {
	};
	objectVersion = 46;
	objects = {

/* Begin PBXBuildFile section */
		EBDED3561A0562E80079A971 /* Item.c in Sources */ = {isa = PBXBuildFile; fileRef = EBDED3391A0562E80079A971 /* Item.c */; };
		EBDED3621A0562E80079A971 /* Makefile in Sources */ = {isa = PBXBuildFile; fileRef = EBDED3531A0562E80079A971 /* Makefile */; };
		EBDED3631A0562E80079A971 /* pc.c in Sources */ = {isa = PBXBuildFile; fileRef = EBDED3541A0562E80079A971 /* pc.c */; };
		EBDED37C1A0569720079A971 /* List.c in Sources */ = {isa = PBXBuildFile; fileRef = EBDED36C1A0569720079A971 /* List.c */; };
		EBDED37F1A0569720079A971 /* Node.c in Sources */ = {isa = PBXBuildFile; fileRef = EBDED3701A0569720079A971 /* Node.c */; };
/* End PBXBuildFile section */

/* Begin PBXCopyFilesBuildPhase section */
		EBFE3A0C19FEEB22001051FA /* CopyFiles */ = {
			isa = PBXCopyFilesBuildPhase;
			buildActionMask = 2147483647;
			dstPath = /usr/share/man/man1/;
			dstSubfolderSpec = 0;
			files = (
			);
			runOnlyForDeploymentPostprocessing = 1;
		};
/* End PBXCopyFilesBuildPhase section */

/* Begin PBXFileReference section */
		EBDED3391A0562E80079A971 /* Item.c */ = {isa = PBXFileReference; fileEncoding = 4; lastKnownFileType = sourcecode.c.c; name = Item.c; path = p3/Item.c; sourceTree = SOURCE_ROOT; };
		EBDED33A1A0562E80079A971 /* Item.h */ = {isa = PBXFileReference; fileEncoding = 4; lastKnownFileType = sourcecode.c.h; name = Item.h; path = p3/Item.h; sourceTree = SOURCE_ROOT; };
		EBDED3531A0562E80079A971 /* Makefile */ = {isa = PBXFileReference; fileEncoding = 4; lastKnownFileType = sourcecode.make; name = Makefile; path = p3/Makefile; sourceTree = SOURCE_ROOT; };
		EBDED3541A0562E80079A971 /* pc.c */ = {isa = PBXFileReference; fileEncoding = 4; lastKnownFileType = sourcecode.c.c; name = pc.c; path = p3/pc.c; sourceTree = SOURCE_ROOT; };
		EBDED3551A0562E80079A971 /* test.sh */ = {isa = PBXFileReference; fileEncoding = 4; lastKnownFileType = text.script.sh; name = test.sh; path = p3/test.sh; sourceTree = SOURCE_ROOT; };
		EBDED36B1A0569720079A971 /* common.h */ = {isa = PBXFileReference; fileEncoding = 4; lastKnownFileType = sourcecode.c.h; name = common.h; path = list/libsrc/common.h; sourceTree = "<group>"; };
		EBDED36C1A0569720079A971 /* List.c */ = {isa = PBXFileReference; fileEncoding = 4; lastKnownFileType = sourcecode.c.c; name = List.c; path = list/libsrc/List.c; sourceTree = "<group>"; };
		EBDED36D1A0569720079A971 /* List.h */ = {isa = PBXFileReference; fileEncoding = 4; lastKnownFileType = sourcecode.c.h; name = List.h; path = list/libsrc/List.h; sourceTree = "<group>"; };
		EBDED3701A0569720079A971 /* Node.c */ = {isa = PBXFileReference; fileEncoding = 4; lastKnownFileType = sourcecode.c.c; name = Node.c; path = list/libsrc/Node.c; sourceTree = "<group>"; };
		EBDED3711A0569720079A971 /* Node.h */ = {isa = PBXFileReference; fileEncoding = 4; lastKnownFileType = sourcecode.c.h; name = Node.h; path = list/libsrc/Node.h; sourceTree = "<group>"; };
		EBFE3A0E19FEEB22001051FA /* p3 */ = {isa = PBXFileReference; explicitFileType = "compiled.mach-o.executable"; includeInIndex = 0; path = p3; sourceTree = BUILT_PRODUCTS_DIR; };
/* End PBXFileReference section */

/* Begin PBXFrameworksBuildPhase section */
		EBFE3A0B19FEEB22001051FA /* Frameworks */ = {
			isa = PBXFrameworksBuildPhase;
			buildActionMask = 2147483647;
			files = (
			);
			runOnlyForDeploymentPostprocessing = 0;
		};
/* End PBXFrameworksBuildPhase section */

/* Begin PBXGroup section */
		EBFE3A0519FEEB22001051FA = {
			isa = PBXGroup;
			children = (
				EBFE3A1019FEEB22001051FA /* p3 */,
				EBFE3A0F19FEEB22001051FA /* Products */,
			);
			sourceTree = "<group>";
		};
		EBFE3A0F19FEEB22001051FA /* Products */ = {
			isa = PBXGroup;
			children = (
				EBFE3A0E19FEEB22001051FA /* p3 */,
			);
			name = Products;
			sourceTree = "<group>";
		};
		EBFE3A1019FEEB22001051FA /* p3 */ = {
			isa = PBXGroup;
			children = (
				EBDED36B1A0569720079A971 /* common.h */,
				EBDED36C1A0569720079A971 /* List.c */,
				EBDED36D1A0569720079A971 /* List.h */,
				EBDED3701A0569720079A971 /* Node.c */,
				EBDED3711A0569720079A971 /* Node.h */,
				EBDED3391A0562E80079A971 /* Item.c */,
				EBDED33A1A0562E80079A971 /* Item.h */,
				EBDED3531A0562E80079A971 /* Makefile */,
				EBDED3541A0562E80079A971 /* pc.c */,
				EBDED3551A0562E80079A971 /* test.sh */,
			);
			path = p3;
			sourceTree = "<group>";
		};
/* End PBXGroup section */

/* Begin PBXNativeTarget section */
		EBFE3A0D19FEEB22001051FA /* p3 */ = {
			isa = PBXNativeTarget;
			buildConfigurationList = EBFE3A1519FEEB22001051FA /* Build configuration list for PBXNativeTarget "p3" */;
			buildPhases = (
				EBFE3A0A19FEEB22001051FA /* Sources */,
				EBFE3A0B19FEEB22001051FA /* Frameworks */,
				EBFE3A0C19FEEB22001051FA /* CopyFiles */,
			);
			buildRules = (
			);
			dependencies = (
			);
			name = p3;
			productName = p3;
			productReference = EBFE3A0E19FEEB22001051FA /* p3 */;
			productType = "com.apple.product-type.tool";
		};
/* End PBXNativeTarget section */

/* Begin PBXProject section */
		EBFE3A0619FEEB22001051FA /* Project object */ = {
			isa = PBXProject;
			attributes = {
				LastUpgradeCheck = 0610;
				ORGANIZATIONNAME = "Reuben Tanner";
				TargetAttributes = {
					EBFE3A0D19FEEB22001051FA = {
						CreatedOnToolsVersion = 6.1;
					};
				};
			};
			buildConfigurationList = EBFE3A0919FEEB22001051FA /* Build configuration list for PBXProject "p3" */;
			compatibilityVersion = "Xcode 3.2";
			developmentRegion = English;
			hasScannedForEncodings = 0;
			knownRegions = (
				en,
			);
			mainGroup = EBFE3A0519FEEB22001051FA;
			productRefGroup = EBFE3A0F19FEEB22001051FA /* Products */;
			projectDirPath = "";
			projectRoot = "";
			targets = (
				EBFE3A0D19FEEB22001051FA /* p3 */,
			);
		};
/* End PBXProject section */

/* Begin PBXSourcesBuildPhase section */
		EBFE3A0A19FEEB22001051FA /* Sources */ = {
			isa = PBXSourcesBuildPhase;
			buildActionMask = 2147483647;
			files = (
				EBDED3631A0562E80079A971 /* pc.c in Sources */,
				EBDED3561A0562E80079A971 /* Item.c in Sources */,
				EBDED37F1A0569720079A971 /* Node.c in Sources */,
				EBDED3621A0562E80079A971 /* Makefile in Sources */,
				EBDED37C1A0569720079A971 /* List.c in Sources */,
			);
			runOnlyForDeploymentPostprocessing = 0;
		};
/* End PBXSourcesBuildPhase section */

/* Begin XCBuildConfiguration section */
		EBFE3A1319FEEB22001051FA /* Debug */ = {
			isa = XCBuildConfiguration;
			buildSettings = {
				ALWAYS_SEARCH_USER_PATHS = NO;
				CLANG_CXX_LANGUAGE_STANDARD = "gnu++0x";
				CLANG_CXX_LIBRARY = "libc++";
				CLANG_ENABLE_MODULES = YES;
				CLANG_ENABLE_OBJC_ARC = YES;
				CLANG_WARN_BOOL_CONVERSION = YES;
				CLANG_WARN_CONSTANT_CONVERSION = YES;
				CLANG_WARN_DIRECT_OBJC_ISA_USAGE = YES_ERROR;
				CLANG_WARN_EMPTY_BODY = YES;
				CLANG_WARN_ENUM_CONVERSION = YES;
				CLANG_WARN_INT_CONVERSION = YES;
				CLANG_WARN_OBJC_ROOT_CLASS = YES_ERROR;
				CLANG_WARN_UNREACHABLE_CODE = YES;
				CLANG_WARN__DUPLICATE_METHOD_MATCH = YES;
				COPY_PHASE_STRIP = NO;
				ENABLE_STRICT_OBJC_MSGSEND = YES;
				GCC_C_LANGUAGE_STANDARD = gnu99;
				GCC_DYNAMIC_NO_PIC = NO;
				GCC_OPTIMIZATION_LEVEL = 0;
				GCC_PREPROCESSOR_DEFINITIONS = (
					"DEBUG=1",
					"$(inherited)",
				);
				GCC_SYMBOLS_PRIVATE_EXTERN = NO;
				GCC_WARN_64_TO_32_BIT_CONVERSION = YES;
				GCC_WARN_ABOUT_RETURN_TYPE = YES_ERROR;
				GCC_WARN_UNDECLARED_SELECTOR = YES;
				GCC_WARN_UNINITIALIZED_AUTOS = YES_AGGRESSIVE;
				GCC_WARN_UNUSED_FUNCTION = YES;
				GCC_WARN_UNUSED_VARIABLE = YES;
				MACOSX_DEPLOYMENT_TARGET = 10.10;
				MTL_ENABLE_DEBUG_INFO = YES;
				ONLY_ACTIVE_ARCH = YES;
				SDKROOT = macosx;
			};
			name = Debug;
		};
		EBFE3A1419FEEB22001051FA /* Release */ = {
			isa = XCBuildConfiguration;
			buildSettings = {
				ALWAYS_SEARCH_USER_PATHS = NO;
				CLANG_CXX_LANGUAGE_STANDARD = "gnu++0x";
				CLANG_CXX_LIBRARY = "libc++";
				CLANG_ENABLE_MODULES = YES;
				CLANG_ENABLE_OBJC_ARC = YES;
				CLANG_WARN_BOOL_CONVERSION = YES;
				CLANG_WARN_CONSTANT_CONVERSION = YES;
				CLANG_WARN_DIRECT_OBJC_ISA_USAGE = YES_ERROR;
				CLANG_WARN_EMPTY_BODY = YES;
				CLANG_WARN_ENUM_CONVERSION = YES;
				CLANG_WARN_INT_CONVERSION = YES;
				CLANG_WARN_OBJC_ROOT_CLASS = YES_ERROR;
				CLANG_WARN_UNREACHABLE_CODE = YES;
				CLANG_WARN__DUPLICATE_METHOD_MATCH = YES;
				COPY_PHASE_STRIP = YES;
				DEBUG_INFORMATION_FORMAT = "dwarf-with-dsym";
				ENABLE_NS_ASSERTIONS = NO;
				ENABLE_STRICT_OBJC_MSGSEND = YES;
				GCC_C_LANGUAGE_STANDARD = gnu99;
				GCC_WARN_64_TO_32_BIT_CONVERSION = YES;
				GCC_WARN_ABOUT_RETURN_TYPE = YES_ERROR;
				GCC_WARN_UNDECLARED_SELECTOR = YES;
				GCC_WARN_UNINITIALIZED_AUTOS = YES_AGGRESSIVE;
				GCC_WARN_UNUSED_FUNCTION = YES;
				GCC_WARN_UNUSED_VARIABLE = YES;
				MACOSX_DEPLOYMENT_TARGET = 10.10;
				MTL_ENABLE_DEBUG_INFO = NO;
				SDKROOT = macosx;
			};
			name = Release;
		};
		EBFE3A1619FEEB22001051FA /* Debug */ = {
			isa = XCBuildConfiguration;
			buildSettings = {
				PRODUCT_NAME = "$(TARGET_NAME)";
			};
			name = Debug;
		};
		EBFE3A1719FEEB22001051FA /* Release */ = {
			isa = XCBuildConfiguration;
			buildSettings = {
				PRODUCT_NAME = "$(TARGET_NAME)";
			};
			name = Release;
		};
/* End XCBuildConfiguration section */

/* Begin XCConfigurationList section */
		EBFE3A0919FEEB22001051FA /* Build configuration list for PBXProject "p3" */ = {
			isa = XCConfigurationList;
			buildConfigurations = (
				EBFE3A1319FEEB22001051FA /* Debug */,
				EBFE3A1419FEEB22001051FA /* Release */,
			);
			defaultConfigurationIsVisible = 0;
			defaultConfigurationName = Release;
		};
		EBFE3A1519FEEB22001051FA /* Build configuration list for PBXNativeTarget "p3" */ = {
			isa = XCConfigurationList;
			buildConfigurations = (
				EBFE3A1619FEEB22001051FA /* Debug */,
				EBFE3A1719FEEB22001051FA /* Release */,
			);
			defaultConfigurationIsVisible = 0;
			defaultConfigurationName = Release;
		};
/* End XCConfigurationList section */
	};
	rootObject = EBFE3A0619FEEB22001051FA /* Project object */;
}
