// !$*UTF8*$!
{
	archiveVersion = 1;
	classes = {
	};
	objectVersion = 46;
	objects = {

/* Begin PBXBuildFile section */
		EB87E6DC1A144F0800B3D838 /* main.c in Sources */ = {isa = PBXBuildFile; fileRef = EB87E6DB1A144F0800B3D838 /* main.c */; };
/* End PBXBuildFile section */

/* Begin PBXCopyFilesBuildPhase section */
		EB87E6D61A144F0800B3D838 /* CopyFiles */ = {
			isa = PBXCopyFilesBuildPhase;
			buildActionMask = 2147483647;
			dstPath = /usr/share/man/man1/;
			dstSubfolderSpec = 0;
			files = (
			);
			runOnlyForDeploymentPostprocessing = 1;
		};
/* End PBXCopyFilesBuildPhase section */

/* Begin PBXFileReference section */
		EB87E6D81A144F0800B3D838 /* simple-malloc-refactor */ = {isa = PBXFileReference; explicitFileType = "compiled.mach-o.executable"; includeInIndex = 0; path = "simple-malloc-refactor"; sourceTree = BUILT_PRODUCTS_DIR; };
		EB87E6DB1A144F0800B3D838 /* main.c */ = {isa = PBXFileReference; lastKnownFileType = sourcecode.c.c; path = main.c; sourceTree = "<group>"; };
/* End PBXFileReference section */

/* Begin PBXFrameworksBuildPhase section */
		EB87E6D51A144F0800B3D838 /* Frameworks */ = {
			isa = PBXFrameworksBuildPhase;
			buildActionMask = 2147483647;
			files = (
			);
			runOnlyForDeploymentPostprocessing = 0;
		};
/* End PBXFrameworksBuildPhase section */

/* Begin PBXGroup section */
		EB87E6CF1A144F0800B3D838 = {
			isa = PBXGroup;
			children = (
				EB87E6DA1A144F0800B3D838 /* simple-malloc-refactor */,
				EB87E6D91A144F0800B3D838 /* Products */,
			);
			sourceTree = "<group>";
		};
		EB87E6D91A144F0800B3D838 /* Products */ = {
			isa = PBXGroup;
			children = (
				EB87E6D81A144F0800B3D838 /* simple-malloc-refactor */,
			);
			name = Products;
			sourceTree = "<group>";
		};
		EB87E6DA1A144F0800B3D838 /* simple-malloc-refactor */ = {
			isa = PBXGroup;
			children = (
				EB87E6DB1A144F0800B3D838 /* main.c */,
			);
			path = "simple-malloc-refactor";
			sourceTree = "<group>";
		};
/* End PBXGroup section */

/* Begin PBXNativeTarget section */
		EB87E6D71A144F0800B3D838 /* simple-malloc-refactor */ = {
			isa = PBXNativeTarget;
			buildConfigurationList = EB87E6DF1A144F0800B3D838 /* Build configuration list for PBXNativeTarget "simple-malloc-refactor" */;
			buildPhases = (
				EB87E6D41A144F0800B3D838 /* Sources */,
				EB87E6D51A144F0800B3D838 /* Frameworks */,
				EB87E6D61A144F0800B3D838 /* CopyFiles */,
			);
			buildRules = (
			);
			dependencies = (
			);
			name = "simple-malloc-refactor";
			productName = "simple-malloc-refactor";
			productReference = EB87E6D81A144F0800B3D838 /* simple-malloc-refactor */;
			productType = "com.apple.product-type.tool";
		};
/* End PBXNativeTarget section */

/* Begin PBXProject section */
		EB87E6D01A144F0800B3D838 /* Project object */ = {
			isa = PBXProject;
			attributes = {
				LastUpgradeCheck = 0610;
				ORGANIZATIONNAME = "Reuben Tanner";
				TargetAttributes = {
					EB87E6D71A144F0800B3D838 = {
						CreatedOnToolsVersion = 6.1;
					};
				};
			};
			buildConfigurationList = EB87E6D31A144F0800B3D838 /* Build configuration list for PBXProject "simple-malloc-refactor" */;
			compatibilityVersion = "Xcode 3.2";
			developmentRegion = English;
			hasScannedForEncodings = 0;
			knownRegions = (
				en,
			);
			mainGroup = EB87E6CF1A144F0800B3D838;
			productRefGroup = EB87E6D91A144F0800B3D838 /* Products */;
			projectDirPath = "";
			projectRoot = "";
			targets = (
				EB87E6D71A144F0800B3D838 /* simple-malloc-refactor */,
			);
		};
/* End PBXProject section */

/* Begin PBXSourcesBuildPhase section */
		EB87E6D41A144F0800B3D838 /* Sources */ = {
			isa = PBXSourcesBuildPhase;
			buildActionMask = 2147483647;
			files = (
				EB87E6DC1A144F0800B3D838 /* main.c in Sources */,
			);
			runOnlyForDeploymentPostprocessing = 0;
		};
/* End PBXSourcesBuildPhase section */

/* Begin XCBuildConfiguration section */
		EB87E6DD1A144F0800B3D838 /* Debug */ = {
			isa = XCBuildConfiguration;
			buildSettings = {
				ALWAYS_SEARCH_USER_PATHS = NO;
				CLANG_CXX_LANGUAGE_STANDARD = "gnu++0x";
				CLANG_CXX_LIBRARY = "libc++";
				CLANG_ENABLE_MODULES = YES;
				CLANG_ENABLE_OBJC_ARC = YES;
				CLANG_WARN_BOOL_CONVERSION = YES;
				CLANG_WARN_CONSTANT_CONVERSION = YES;
				CLANG_WARN_DIRECT_OBJC_ISA_USAGE = YES_ERROR;
				CLANG_WARN_EMPTY_BODY = YES;
				CLANG_WARN_ENUM_CONVERSION = YES;
				CLANG_WARN_INT_CONVERSION = YES;
				CLANG_WARN_OBJC_ROOT_CLASS = YES_ERROR;
				CLANG_WARN_UNREACHABLE_CODE = YES;
				CLANG_WARN__DUPLICATE_METHOD_MATCH = YES;
				COPY_PHASE_STRIP = NO;
				ENABLE_STRICT_OBJC_MSGSEND = YES;
				GCC_C_LANGUAGE_STANDARD = gnu99;
				GCC_DYNAMIC_NO_PIC = NO;
				GCC_OPTIMIZATION_LEVEL = 0;
				GCC_PREPROCESSOR_DEFINITIONS = (
					"DEBUG=1",
					"$(inherited)",
				);
				GCC_SYMBOLS_PRIVATE_EXTERN = NO;
				GCC_WARN_64_TO_32_BIT_CONVERSION = YES;
				GCC_WARN_ABOUT_RETURN_TYPE = YES_ERROR;
				GCC_WARN_UNDECLARED_SELECTOR = YES;
				GCC_WARN_UNINITIALIZED_AUTOS = YES_AGGRESSIVE;
				GCC_WARN_UNUSED_FUNCTION = YES;
				GCC_WARN_UNUSED_VARIABLE = YES;
				MACOSX_DEPLOYMENT_TARGET = 10.10;
				MTL_ENABLE_DEBUG_INFO = YES;
				ONLY_ACTIVE_ARCH = YES;
				SDKROOT = macosx;
			};
			name = Debug;
		};
		EB87E6DE1A144F0800B3D838 /* Release */ = {
			isa = XCBuildConfiguration;
			buildSettings = {
				ALWAYS_SEARCH_USER_PATHS = NO;
				CLANG_CXX_LANGUAGE_STANDARD = "gnu++0x";
				CLANG_CXX_LIBRARY = "libc++";
				CLANG_ENABLE_MODULES = YES;
				CLANG_ENABLE_OBJC_ARC = YES;
				CLANG_WARN_BOOL_CONVERSION = YES;
				CLANG_WARN_CONSTANT_CONVERSION = YES;
				CLANG_WARN_DIRECT_OBJC_ISA_USAGE = YES_ERROR;
				CLANG_WARN_EMPTY_BODY = YES;
				CLANG_WARN_ENUM_CONVERSION = YES;
				CLANG_WARN_INT_CONVERSION = YES;
				CLANG_WARN_OBJC_ROOT_CLASS = YES_ERROR;
				CLANG_WARN_UNREACHABLE_CODE = YES;
				CLANG_WARN__DUPLICATE_METHOD_MATCH = YES;
				COPY_PHASE_STRIP = YES;
				DEBUG_INFORMATION_FORMAT = "dwarf-with-dsym";
				ENABLE_NS_ASSERTIONS = NO;
				ENABLE_STRICT_OBJC_MSGSEND = YES;
				GCC_C_LANGUAGE_STANDARD = gnu99;
				GCC_WARN_64_TO_32_BIT_CONVERSION = YES;
				GCC_WARN_ABOUT_RETURN_TYPE = YES_ERROR;
				GCC_WARN_UNDECLARED_SELECTOR = YES;
				GCC_WARN_UNINITIALIZED_AUTOS = YES_AGGRESSIVE;
				GCC_WARN_UNUSED_FUNCTION = YES;
				GCC_WARN_UNUSED_VARIABLE = YES;
				MACOSX_DEPLOYMENT_TARGET = 10.10;
				MTL_ENABLE_DEBUG_INFO = NO;
				SDKROOT = macosx;
			};
			name = Release;
		};
		EB87E6E01A144F0800B3D838 /* Debug */ = {
			isa = XCBuildConfiguration;
			buildSettings = {
				PRODUCT_NAME = "$(TARGET_NAME)";
			};
			name = Debug;
		};
		EB87E6E11A144F0800B3D838 /* Release */ = {
			isa = XCBuildConfiguration;
			buildSettings = {
				PRODUCT_NAME = "$(TARGET_NAME)";
			};
			name = Release;
		};
/* End XCBuildConfiguration section */

/* Begin XCConfigurationList section */
		EB87E6D31A144F0800B3D838 /* Build configuration list for PBXProject "simple-malloc-refactor" */ = {
			isa = XCConfigurationList;
			buildConfigurations = (
				EB87E6DD1A144F0800B3D838 /* Debug */,
				EB87E6DE1A144F0800B3D838 /* Release */,
			);
			defaultConfigurationIsVisible = 0;
			defaultConfigurationName = Release;
		};
		EB87E6DF1A144F0800B3D838 /* Build configuration list for PBXNativeTarget "simple-malloc-refactor" */ = {
			isa = XCConfigurationList;
			buildConfigurations = (
				EB87E6E01A144F0800B3D838 /* Debug */,
				EB87E6E11A144F0800B3D838 /* Release */,
			);
			defaultConfigurationIsVisible = 0;
		};
/* End XCConfigurationList section */
	};
	rootObject = EB87E6D01A144F0800B3D838 /* Project object */;
}
